module: customer
stack: python
knowledge_version: 485fc9c
generated_by: claude-fable-5
generated_at: 2026-07-31
contracts_passed: [CT-001, CT-002, CT-003]
drift: none
last_regeneration:
  at: 2026-07-31
  model: claude-fable-5
  result: pass
  contracts_passed: 17
  contracts_total: 17
  guesses: 8
