module: customer
stack: typescript
knowledge_version: ed6808a
generated_by: claude-opus-5
generated_at: 2026-08-06
contracts_passed: [CT-001, CT-002, CT-003, CT-004]
drift: code-ahead
drift_debt:
  since: 2026-08-06
  reason: hotfix 30d52e6 capped GET addresses at 50, no knowledge change
  reconciliation_task: T-025

